
Microsoft Visual Studio Solution File, Format Version 12.00
# Visual Studio Version 17
VisualStudioVersion = 17.12.35527.113 d17.12
MinimumVisualStudioVersion = 10.0.40219.1
Project("{8BC9CEB8-8B4A-11D0-8D11-00A0C91BC942}") = "DirectStorageSample", "DirectStorageSample.vcxproj", "{ACBC0370-820D-482F-A265-50CF6FB80B45}"
EndProject
Project("{8BC9CEB8-8B4A-11D0-8D11-00A0C91BC942}") = "ModelConvert", "tools\ModelConvert\ModelConvert.vcxproj", "{59206E51-810D-4DE8-AFE8-F2D0A65A51C6}"
EndProject
Global
	GlobalSection(SolutionConfigurationPlatforms) = preSolution
		Debug|x64 = Debug|x64
		Release|x64 = Release|x64
	EndGlobalSection
	GlobalSection(ProjectConfigurationPlatforms) = postSolution
		{ACBC0370-820D-482F-A265-50CF6FB80B45}.Debug|x64.ActiveCfg = Debug|x64
		{ACBC0370-820D-482F-A265-50CF6FB80B45}.Debug|x64.Build.0 = Debug|x64
		{ACBC0370-820D-482F-A265-50CF6FB80B45}.Release|x64.ActiveCfg = Release|x64
		{ACBC0370-820D-482F-A265-50CF6FB80B45}.Release|x64.Build.0 = Release|x64
		{59206E51-810D-4DE8-AFE8-F2D0A65A51C6}.Debug|x64.ActiveCfg = Debug|x64
		{59206E51-810D-4DE8-AFE8-F2D0A65A51C6}.Debug|x64.Build.0 = Debug|x64
		{59206E51-810D-4DE8-AFE8-F2D0A65A51C6}.Release|x64.ActiveCfg = Release|x64
		{59206E51-810D-4DE8-AFE8-F2D0A65A51C6}.Release|x64.Build.0 = Release|x64
	EndGlobalSection
	GlobalSection(SolutionProperties) = preSolution
		HideSolutionNode = FALSE
	EndGlobalSection
EndGlobal
